
Microsoft Visual Studio Solution File, Format Version 12.00
# Visual Studio Version 17
VisualStudioVersion = 17.3.32929.385
MinimumVisualStudioVersion = 10.0.40219.1
Project("{FAE04EC0-301F-11D3-BF4B-00C04F79EFBC}") = "Lab4_Json", "Lab4_Json\Lab4_Json.csproj", "{82059008-8747-48AE-86E7-23428FC5516A}"
EndProject
Global
	GlobalSection(SolutionConfigurationPlatforms) = preSolution
		Debug|Any CPU = Debug|Any CPU
		Release|Any CPU = Release|Any CPU
	EndGlobalSection
	GlobalSection(ProjectConfigurationPlatforms) = postSolution
		{82059008-8747-48AE-86E7-23428FC5516A}.Debug|Any CPU.ActiveCfg = Debug|Any CPU
		{82059008-8747-48AE-86E7-23428FC5516A}.Debug|Any CPU.Build.0 = Debug|Any CPU
		{82059008-8747-48AE-86E7-23428FC5516A}.Release|Any CPU.ActiveCfg = Release|Any CPU
		{82059008-8747-48AE-86E7-23428FC5516A}.Release|Any CPU.Build.0 = Release|Any CPU
	EndGlobalSection
	GlobalSection(SolutionProperties) = preSolution
		HideSolutionNode = FALSE
	EndGlobalSection
	GlobalSection(ExtensibilityGlobals) = postSolution
		SolutionGuid = {6EC058C8-089D-4762-9041-61DADAB46C9E}
	EndGlobalSection
EndGlobal
